
Microsoft Visual Studio Solution File, Format Version 12.00
# Visual Studio 2012
Project("{FAE04EC0-301F-11D3-BF4B-00C04F79EFBC}") = "EmployeeManagementService", "EmployeeManagementService\EmployeeManagementService.csproj", "{022E3CD2-F4DA-4EE5-8B5D-0C3D02C623BE}"
EndProject
Project("{FAE04EC0-301F-11D3-BF4B-00C04F79EFBC}") = "Consumer", "Consumer\Consumer.csproj", "{A7BB870B-E445-4F1C-8DAA-1118B008EA8A}"
	ProjectSection(ProjectDependencies) = postProject
		{022E3CD2-F4DA-4EE5-8B5D-0C3D02C623BE} = {022E3CD2-F4DA-4EE5-8B5D-0C3D02C623BE}
	EndProjectSection
EndProject
Global
	GlobalSection(SolutionConfigurationPlatforms) = preSolution
		Debug|Any CPU = Debug|Any CPU
		Release|Any CPU = Release|Any CPU
	EndGlobalSection
	GlobalSection(ProjectConfigurationPlatforms) = postSolution
		{022E3CD2-F4DA-4EE5-8B5D-0C3D02C623BE}.Debug|Any CPU.ActiveCfg = Debug|Any CPU
		{022E3CD2-F4DA-4EE5-8B5D-0C3D02C623BE}.Debug|Any CPU.Build.0 = Debug|Any CPU
		{022E3CD2-F4DA-4EE5-8B5D-0C3D02C623BE}.Release|Any CPU.ActiveCfg = Release|Any CPU
		{022E3CD2-F4DA-4EE5-8B5D-0C3D02C623BE}.Release|Any CPU.Build.0 = Release|Any CPU
		{A7BB870B-E445-4F1C-8DAA-1118B008EA8A}.Debug|Any CPU.ActiveCfg = Debug|Any CPU
		{A7BB870B-E445-4F1C-8DAA-1118B008EA8A}.Debug|Any CPU.Build.0 = Debug|Any CPU
		{A7BB870B-E445-4F1C-8DAA-1118B008EA8A}.Release|Any CPU.ActiveCfg = Release|Any CPU
		{A7BB870B-E445-4F1C-8DAA-1118B008EA8A}.Release|Any CPU.Build.0 = Release|Any CPU
	EndGlobalSection
	GlobalSection(SolutionProperties) = preSolution
		HideSolutionNode = FALSE
	EndGlobalSection
EndGlobal
